// !$*UTF8*$!
{
	archiveVersion = 1;
	classes = {
	};
	objectVersion = 55;
	objects = {

/* Begin PBXBuildFile section */
		C613414F28C923DE00EE673A /* EndPoint.swift in Sources */ = {isa = PBXBuildFile; fileRef = C613414E28C923DE00EE673A /* EndPoint.swift */; };
		C6382FD728B9079A00A5EAA3 /* CheckmarkPopoverView.swift in Sources */ = {isa = PBXBuildFile; fileRef = C6382FD628B9079A00A5EAA3 /* CheckmarkPopoverView.swift */; };
		C63BC67728A7D81100EDFCA4 /* UsersStaticData.json in Resources */ = {isa = PBXBuildFile; fileRef = C63BC67628A7D81100EDFCA4 /* UsersStaticData.json */; };
		C63BC67928A7D8BC00EDFCA4 /* SingleUserData.json in Resources */ = {isa = PBXBuildFile; fileRef = C63BC67828A7D8BC00EDFCA4 /* SingleUserData.json */; };
		C63BC67B28A7DB2D00EDFCA4 /* UserDetailResponse.swift in Sources */ = {isa = PBXBuildFile; fileRef = C63BC67A28A7DB2D00EDFCA4 /* UserDetailResponse.swift */; };
		C63BC67D28A7DBF800EDFCA4 /* UserResponse.swift in Sources */ = {isa = PBXBuildFile; fileRef = C63BC67C28A7DBF800EDFCA4 /* UserResponse.swift */; };
		C63BC68028A7DD4E00EDFCA4 /* Models.swift in Sources */ = {isa = PBXBuildFile; fileRef = C63BC67F28A7DD4E00EDFCA4 /* Models.swift */; };
		C63BC68328A7DDBE00EDFCA4 /* StaticJSONMapper.swift in Sources */ = {isa = PBXBuildFile; fileRef = C63BC68228A7DDBE00EDFCA4 /* StaticJSONMapper.swift */; };
		C659B83E28BE4088005A2552 /* HapticManager.swift in Sources */ = {isa = PBXBuildFile; fileRef = C659B83D28BE4088005A2552 /* HapticManager.swift */; };
		C659B84128BE4362005A2552 /* SettingsView.swift in Sources */ = {isa = PBXBuildFile; fileRef = C659B84028BE4362005A2552 /* SettingsView.swift */; };
		C659B84528BE4671005A2552 /* UserDefaultKeys.swift in Sources */ = {isa = PBXBuildFile; fileRef = C659B84428BE4671005A2552 /* UserDefaultKeys.swift */; };
		C67632FB28B658A900BBA661 /* DetailView.swift in Sources */ = {isa = PBXBuildFile; fileRef = C67632FA28B658A900BBA661 /* DetailView.swift */; };
		C67632FD28B69AB700BBA661 /* CreateView.swift in Sources */ = {isa = PBXBuildFile; fileRef = C67632FC28B69AB700BBA661 /* CreateView.swift */; };
		C676330028B6B2F000BBA661 /* NetworkManager.swift in Sources */ = {isa = PBXBuildFile; fileRef = C67632FF28B6B2F000BBA661 /* NetworkManager.swift */; };
		C676330228B6E61000BBA661 /* PeopleViewModel.swift in Sources */ = {isa = PBXBuildFile; fileRef = C676330128B6E61000BBA661 /* PeopleViewModel.swift */; };
		C676330428B6EDAB00BBA661 /* DetailViewModel.swift in Sources */ = {isa = PBXBuildFile; fileRef = C676330328B6EDAB00BBA661 /* DetailViewModel.swift */; };
		C692ACAA28B505E700929F21 /* PersonItemView.swift in Sources */ = {isa = PBXBuildFile; fileRef = C692ACA928B505E700929F21 /* PersonItemView.swift */; };
		C692ACAD28B5076E00929F21 /* PillView.swift in Sources */ = {isa = PBXBuildFile; fileRef = C692ACAC28B5076E00929F21 /* PillView.swift */; };
		C69F18E728B7AD3C00CC1A19 /* NewPerson.swift in Sources */ = {isa = PBXBuildFile; fileRef = C69F18E628B7AD3C00CC1A19 /* NewPerson.swift */; };
		C6ABF17628B3AE0400A59358 /* PeopleView.swift in Sources */ = {isa = PBXBuildFile; fileRef = C6ABF17528B3AE0400A59358 /* PeopleView.swift */; };
		C6BC203628B7FD2900CC3F18 /* CreateViewModel.swift in Sources */ = {isa = PBXBuildFile; fileRef = C6BC203528B7FD2900CC3F18 /* CreateViewModel.swift */; };
		C6C656A92892295C006B446C /* iOSTechichalTestProjectApp.swift in Sources */ = {isa = PBXBuildFile; fileRef = C6C656A82892295C006B446C /* iOSTechichalTestProjectApp.swift */; };
		C6C656AB2892295C006B446C /* ContentView.swift in Sources */ = {isa = PBXBuildFile; fileRef = C6C656AA2892295C006B446C /* ContentView.swift */; };
		C6C656AD2892295F006B446C /* Assets.xcassets in Resources */ = {isa = PBXBuildFile; fileRef = C6C656AC2892295F006B446C /* Assets.xcassets */; };
		C6C656B02892295F006B446C /* Preview Assets.xcassets in Resources */ = {isa = PBXBuildFile; fileRef = C6C656AF2892295F006B446C /* Preview Assets.xcassets */; };
		C6C656B828922A0C006B446C /* Symbols.swift in Sources */ = {isa = PBXBuildFile; fileRef = C6C656B728922A0C006B446C /* Symbols.swift */; };
		C6C656BA28922CA6006B446C /* Theme.swift in Sources */ = {isa = PBXBuildFile; fileRef = C6C656B928922CA6006B446C /* Theme.swift */; };
		C6D5F12F28BCEC1500AC15BD /* CreateValidator.swift in Sources */ = {isa = PBXBuildFile; fileRef = C6D5F12E28BCEC1500AC15BD /* CreateValidator.swift */; };
/* End PBXBuildFile section */

/* Begin PBXFileReference section */
		C613414E28C923DE00EE673A /* EndPoint.swift */ = {isa = PBXFileReference; lastKnownFileType = sourcecode.swift; path = EndPoint.swift; sourceTree = "<group>"; };
		C6382FD628B9079A00A5EAA3 /* CheckmarkPopoverView.swift */ = {isa = PBXFileReference; lastKnownFileType = sourcecode.swift; path = CheckmarkPopoverView.swift; sourceTree = "<group>"; };
		C63BC67628A7D81100EDFCA4 /* UsersStaticData.json */ = {isa = PBXFileReference; lastKnownFileType = text.json; path = UsersStaticData.json; sourceTree = "<group>"; };
		C63BC67828A7D8BC00EDFCA4 /* SingleUserData.json */ = {isa = PBXFileReference; lastKnownFileType = text.json; path = SingleUserData.json; sourceTree = "<group>"; };
		C63BC67A28A7DB2D00EDFCA4 /* UserDetailResponse.swift */ = {isa = PBXFileReference; lastKnownFileType = sourcecode.swift; path = UserDetailResponse.swift; sourceTree = "<group>"; };
		C63BC67C28A7DBF800EDFCA4 /* UserResponse.swift */ = {isa = PBXFileReference; lastKnownFileType = sourcecode.swift; path = UserResponse.swift; sourceTree = "<group>"; };
		C63BC67F28A7DD4E00EDFCA4 /* Models.swift */ = {isa = PBXFileReference; lastKnownFileType = sourcecode.swift; path = Models.swift; sourceTree = "<group>"; };
		C63BC68228A7DDBE00EDFCA4 /* StaticJSONMapper.swift */ = {isa = PBXFileReference; lastKnownFileType = sourcecode.swift; path = StaticJSONMapper.swift; sourceTree = "<group>"; };
		C659B83D28BE4088005A2552 /* HapticManager.swift */ = {isa = PBXFileReference; lastKnownFileType = sourcecode.swift; path = HapticManager.swift; sourceTree = "<group>"; };
		C659B84028BE4362005A2552 /* SettingsView.swift */ = {isa = PBXFileReference; lastKnownFileType = sourcecode.swift; path = SettingsView.swift; sourceTree = "<group>"; };
		C659B84428BE4671005A2552 /* UserDefaultKeys.swift */ = {isa = PBXFileReference; lastKnownFileType = sourcecode.swift; path = UserDefaultKeys.swift; sourceTree = "<group>"; };
		C67632FA28B658A900BBA661 /* DetailView.swift */ = {isa = PBXFileReference; lastKnownFileType = sourcecode.swift; path = DetailView.swift; sourceTree = "<group>"; };
		C67632FC28B69AB700BBA661 /* CreateView.swift */ = {isa = PBXFileReference; lastKnownFileType = sourcecode.swift; path = CreateView.swift; sourceTree = "<group>"; };
		C67632FF28B6B2F000BBA661 /* NetworkManager.swift */ = {isa = PBXFileReference; lastKnownFileType = sourcecode.swift; path = NetworkManager.swift; sourceTree = "<group>"; };
		C676330128B6E61000BBA661 /* PeopleViewModel.swift */ = {isa = PBXFileReference; lastKnownFileType = sourcecode.swift; path = PeopleViewModel.swift; sourceTree = "<group>"; };
		C676330328B6EDAB00BBA661 /* DetailViewModel.swift */ = {isa = PBXFileReference; lastKnownFileType = sourcecode.swift; path = DetailViewModel.swift; sourceTree = "<group>"; };
		C692ACA928B505E700929F21 /* PersonItemView.swift */ = {isa = PBXFileReference; lastKnownFileType = sourcecode.swift; path = PersonItemView.swift; sourceTree = "<group>"; };
		C692ACAC28B5076E00929F21 /* PillView.swift */ = {isa = PBXFileReference; lastKnownFileType = sourcecode.swift; path = PillView.swift; sourceTree = "<group>"; };
		C69F18E628B7AD3C00CC1A19 /* NewPerson.swift */ = {isa = PBXFileReference; lastKnownFileType = sourcecode.swift; path = NewPerson.swift; sourceTree = "<group>"; };
		C6ABF17528B3AE0400A59358 /* PeopleView.swift */ = {isa = PBXFileReference; lastKnownFileType = sourcecode.swift; path = PeopleView.swift; sourceTree = "<group>"; };
		C6ACDDB8289BFDA200B9EE0A /* Info.plist */ = {isa = PBXFileReference; lastKnownFileType = text.plist; path = Info.plist; sourceTree = "<group>"; };
		C6BC203528B7FD2900CC3F18 /* CreateViewModel.swift */ = {isa = PBXFileReference; lastKnownFileType = sourcecode.swift; path = CreateViewModel.swift; sourceTree = "<group>"; };
		C6C656A52892295C006B446C /* iOSTechichalTestProject.app */ = {isa = PBXFileReference; explicitFileType = wrapper.application; includeInIndex = 0; path = iOSTechichalTestProject.app; sourceTree = BUILT_PRODUCTS_DIR; };
		C6C656A82892295C006B446C /* iOSTechichalTestProjectApp.swift */ = {isa = PBXFileReference; lastKnownFileType = sourcecode.swift; path = iOSTechichalTestProjectApp.swift; sourceTree = "<group>"; };
		C6C656AA2892295C006B446C /* ContentView.swift */ = {isa = PBXFileReference; lastKnownFileType = sourcecode.swift; path = ContentView.swift; sourceTree = "<group>"; };
		C6C656AC2892295F006B446C /* Assets.xcassets */ = {isa = PBXFileReference; lastKnownFileType = folder.assetcatalog; path = Assets.xcassets; sourceTree = "<group>"; };
		C6C656AF2892295F006B446C /* Preview Assets.xcassets */ = {isa = PBXFileReference; lastKnownFileType = folder.assetcatalog; path = "Preview Assets.xcassets"; sourceTree = "<group>"; };
		C6C656B728922A0C006B446C /* Symbols.swift */ = {isa = PBXFileReference; lastKnownFileType = sourcecode.swift; path = Symbols.swift; sourceTree = "<group>"; };
		C6C656B928922CA6006B446C /* Theme.swift */ = {isa = PBXFileReference; lastKnownFileType = sourcecode.swift; path = Theme.swift; sourceTree = "<group>"; };
		C6D5F12E28BCEC1500AC15BD /* CreateValidator.swift */ = {isa = PBXFileReference; lastKnownFileType = sourcecode.swift; path = CreateValidator.swift; sourceTree = "<group>"; };
/* End PBXFileReference section */

/* Begin PBXFrameworksBuildPhase section */
		C6C656A22892295C006B446C /* Frameworks */ = {
			isa = PBXFrameworksBuildPhase;
			buildActionMask = 2147483647;
			files = (
			);
			runOnlyForDeploymentPostprocessing = 0;
		};
/* End PBXFrameworksBuildPhase section */

/* Begin PBXGroup section */
		C63BC67528A7D79600EDFCA4 /* JSON */ = {
			isa = PBXGroup;
			children = (
				C63BC67628A7D81100EDFCA4 /* UsersStaticData.json */,
				C63BC67828A7D8BC00EDFCA4 /* SingleUserData.json */,
			);
			path = JSON;
			sourceTree = "<group>";
		};
		C63BC67E28A7DD3F00EDFCA4 /* Model */ = {
			isa = PBXGroup;
			children = (
				C63BC67F28A7DD4E00EDFCA4 /* Models.swift */,
			);
			path = Model;
			sourceTree = "<group>";
		};
		C63BC68128A7DD9B00EDFCA4 /* Mapper */ = {
			isa = PBXGroup;
			children = (
				C63BC68228A7DDBE00EDFCA4 /* StaticJSONMapper.swift */,
			);
			path = Mapper;
			sourceTree = "<group>";
		};
		C659B83F28BE409D005A2552 /* Haptics */ = {
			isa = PBXGroup;
			children = (
				C659B83D28BE4088005A2552 /* HapticManager.swift */,
			);
			path = Haptics;
			sourceTree = "<group>";
		};
		C659B84328BE463F005A2552 /* UserDefaults */ = {
			isa = PBXGroup;
			children = (
				C659B84428BE4671005A2552 /* UserDefaultKeys.swift */,
			);
			path = UserDefaults;
			sourceTree = "<group>";
		};
		C66A8A2C289BF89F00E37DFA /* Features */ = {
			isa = PBXGroup;
			children = (
				C66A8A3B289BFA2D00E37DFA /* Settings */,
				C66A8A37289BF9BF00E37DFA /* Create */,
				C66A8A33289BF99900E37DFA /* Detail */,
				C66A8A2D289BF8AF00E37DFA /* People */,
			);
			path = Features;
			sourceTree = "<group>";
		};
		C66A8A2D289BF8AF00E37DFA /* People */ = {
			isa = PBXGroup;
			children = (
				C66A8A2E289BF8B700E37DFA /* Views */,
				C66A8A30289BF8C500E37DFA /* View Models */,
				C66A8A2F289BF8BD00E37DFA /* Models */,
			);
			path = People;
			sourceTree = "<group>";
		};
		C66A8A2E289BF8B700E37DFA /* Views */ = {
			isa = PBXGroup;
			children = (
				C6ABF17528B3AE0400A59358 /* PeopleView.swift */,
				C692ACA928B505E700929F21 /* PersonItemView.swift */,
			);
			path = Views;
			sourceTree = "<group>";
		};
		C66A8A2F289BF8BD00E37DFA /* Models */ = {
			isa = PBXGroup;
			children = (
				C63BC67C28A7DBF800EDFCA4 /* UserResponse.swift */,
			);
			path = Models;
			sourceTree = "<group>";
		};
		C66A8A30289BF8C500E37DFA /* View Models */ = {
			isa = PBXGroup;
			children = (
				C676330128B6E61000BBA661 /* PeopleViewModel.swift */,
			);
			path = "View Models";
			sourceTree = "<group>";
		};
		C66A8A31289BF97B00E37DFA /* Base */ = {
			isa = PBXGroup;
			children = (
				C659B84328BE463F005A2552 /* UserDefaults */,
				C659B83F28BE409D005A2552 /* Haptics */,
				C63BC68128A7DD9B00EDFCA4 /* Mapper */,
				C63BC67E28A7DD3F00EDFCA4 /* Model */,
				C66A8A32289BF97F00E37DFA /* Views */,
			);
			path = Base;
			sourceTree = "<group>";
		};
		C66A8A32289BF97F00E37DFA /* Views */ = {
			isa = PBXGroup;
			children = (
				C692ACAC28B5076E00929F21 /* PillView.swift */,
				C6382FD628B9079A00A5EAA3 /* CheckmarkPopoverView.swift */,
			);
			path = Views;
			sourceTree = "<group>";
		};
		C66A8A33289BF99900E37DFA /* Detail */ = {
			isa = PBXGroup;
			children = (
				C66A8A35289BF9AA00E37DFA /* Views */,
				C66A8A36289BF9B000E37DFA /* Models */,
				C66A8A34289BF99E00E37DFA /* View Models */,
			);
			path = Detail;
			sourceTree = "<group>";
		};
		C66A8A34289BF99E00E37DFA /* View Models */ = {
			isa = PBXGroup;
			children = (
				C676330328B6EDAB00BBA661 /* DetailViewModel.swift */,
			);
			path = "View Models";
			sourceTree = "<group>";
		};
		C66A8A35289BF9AA00E37DFA /* Views */ = {
			isa = PBXGroup;
			children = (
				C67632FA28B658A900BBA661 /* DetailView.swift */,
			);
			path = Views;
			sourceTree = "<group>";
		};
		C66A8A36289BF9B000E37DFA /* Models */ = {
			isa = PBXGroup;
			children = (
				C63BC67A28A7DB2D00EDFCA4 /* UserDetailResponse.swift */,
			);
			path = Models;
			sourceTree = "<group>";
		};
		C66A8A37289BF9BF00E37DFA /* Create */ = {
			isa = PBXGroup;
			children = (
				C6D5F12D28BCEBF700AC15BD /* Validator */,
				C66A8A38289BF9C600E37DFA /* Views */,
				C66A8A39289BF9CB00E37DFA /* Models */,
				C66A8A3A289BF9CF00E37DFA /* View Models */,
			);
			path = Create;
			sourceTree = "<group>";
		};
		C66A8A38289BF9C600E37DFA /* Views */ = {
			isa = PBXGroup;
			children = (
				C67632FC28B69AB700BBA661 /* CreateView.swift */,
			);
			path = Views;
			sourceTree = "<group>";
		};
		C66A8A39289BF9CB00E37DFA /* Models */ = {
			isa = PBXGroup;
			children = (
				C69F18E628B7AD3C00CC1A19 /* NewPerson.swift */,
			);
			path = Models;
			sourceTree = "<group>";
		};
		C66A8A3A289BF9CF00E37DFA /* View Models */ = {
			isa = PBXGroup;
			children = (
				C6BC203528B7FD2900CC3F18 /* CreateViewModel.swift */,
			);
			path = "View Models";
			sourceTree = "<group>";
		};
		C66A8A3B289BFA2D00E37DFA /* Settings */ = {
			isa = PBXGroup;
			children = (
				C66A8A3C289BFA7500E37DFA /* Views */,
			);
			path = Settings;
			sourceTree = "<group>";
		};
		C66A8A3C289BFA7500E37DFA /* Views */ = {
			isa = PBXGroup;
			children = (
				C659B84028BE4362005A2552 /* SettingsView.swift */,
			);
			path = Views;
			sourceTree = "<group>";
		};
		C67632FE28B6B2DB00BBA661 /* API */ = {
			isa = PBXGroup;
			children = (
				C67632FF28B6B2F000BBA661 /* NetworkManager.swift */,
				C613414E28C923DE00EE673A /* EndPoint.swift */,
			);
			path = API;
			sourceTree = "<group>";
		};
		C6C6569C2892295C006B446C = {
			isa = PBXGroup;
			children = (
				C6C656A72892295C006B446C /* iOSTechichalTestProject */,
				C6C656A62892295C006B446C /* Products */,
			);
			sourceTree = "<group>";
		};
		C6C656A62892295C006B446C /* Products */ = {
			isa = PBXGroup;
			children = (
				C6C656A52892295C006B446C /* iOSTechichalTestProject.app */,
			);
			name = Products;
			sourceTree = "<group>";
		};
		C6C656A72892295C006B446C /* iOSTechichalTestProject */ = {
			isa = PBXGroup;
			children = (
				C6C656A82892295C006B446C /* iOSTechichalTestProjectApp.swift */,
				C6C656AA2892295C006B446C /* ContentView.swift */,
				C6ACDDB8289BFDA200B9EE0A /* Info.plist */,
				C67632FE28B6B2DB00BBA661 /* API */,
				C66A8A31289BF97B00E37DFA /* Base */,
				C6C656B6289229A3006B446C /* Resources */,
				C66A8A2C289BF89F00E37DFA /* Features */,
				C6C656AC2892295F006B446C /* Assets.xcassets */,
				C6C656AE2892295F006B446C /* Preview Content */,
			);
			path = iOSTechichalTestProject;
			sourceTree = "<group>";
		};
		C6C656AE2892295F006B446C /* Preview Content */ = {
			isa = PBXGroup;
			children = (
				C6C656AF2892295F006B446C /* Preview Assets.xcassets */,
			);
			path = "Preview Content";
			sourceTree = "<group>";
		};
		C6C656B6289229A3006B446C /* Resources */ = {
			isa = PBXGroup;
			children = (
				C63BC67528A7D79600EDFCA4 /* JSON */,
				C6C656B728922A0C006B446C /* Symbols.swift */,
				C6C656B928922CA6006B446C /* Theme.swift */,
			);
			path = Resources;
			sourceTree = "<group>";
		};
		C6D5F12D28BCEBF700AC15BD /* Validator */ = {
			isa = PBXGroup;
			children = (
				C6D5F12E28BCEC1500AC15BD /* CreateValidator.swift */,
			);
			path = Validator;
			sourceTree = "<group>";
		};
/* End PBXGroup section */

/* Begin PBXNativeTarget section */
		C6C656A42892295C006B446C /* iOSTechichalTestProject */ = {
			isa = PBXNativeTarget;
			buildConfigurationList = C6C656B32892295F006B446C /* Build configuration list for PBXNativeTarget "iOSTechichalTestProject" */;
			buildPhases = (
				C6C656A12892295C006B446C /* Sources */,
				C6C656A22892295C006B446C /* Frameworks */,
				C6C656A32892295C006B446C /* Resources */,
			);
			buildRules = (
			);
			dependencies = (
			);
			name = iOSTechichalTestProject;
			productName = iOSTechichalTestProject;
			productReference = C6C656A52892295C006B446C /* iOSTechichalTestProject.app */;
			productType = "com.apple.product-type.application";
		};
/* End PBXNativeTarget section */

/* Begin PBXProject section */
		C6C6569D2892295C006B446C /* Project object */ = {
			isa = PBXProject;
			attributes = {
				BuildIndependentTargetsInParallel = 1;
				LastSwiftUpdateCheck = 1340;
				LastUpgradeCheck = 1340;
				TargetAttributes = {
					C6C656A42892295C006B446C = {
						CreatedOnToolsVersion = 13.4.1;
					};
				};
			};
			buildConfigurationList = C6C656A02892295C006B446C /* Build configuration list for PBXProject "iOSTechichalTestProject" */;
			compatibilityVersion = "Xcode 13.0";
			developmentRegion = en;
			hasScannedForEncodings = 0;
			knownRegions = (
				en,
				Base,
			);
			mainGroup = C6C6569C2892295C006B446C;
			productRefGroup = C6C656A62892295C006B446C /* Products */;
			projectDirPath = "";
			projectRoot = "";
			targets = (
				C6C656A42892295C006B446C /* iOSTechichalTestProject */,
			);
		};
/* End PBXProject section */

/* Begin PBXResourcesBuildPhase section */
		C6C656A32892295C006B446C /* Resources */ = {
			isa = PBXResourcesBuildPhase;
			buildActionMask = 2147483647;
			files = (
				C63BC67928A7D8BC00EDFCA4 /* SingleUserData.json in Resources */,
				C6C656B02892295F006B446C /* Preview Assets.xcassets in Resources */,
				C6C656AD2892295F006B446C /* Assets.xcassets in Resources */,
				C63BC67728A7D81100EDFCA4 /* UsersStaticData.json in Resources */,
			);
			runOnlyForDeploymentPostprocessing = 0;
		};
/* End PBXResourcesBuildPhase section */

/* Begin PBXSourcesBuildPhase section */
		C6C656A12892295C006B446C /* Sources */ = {
			isa = PBXSourcesBuildPhase;
			buildActionMask = 2147483647;
			files = (
				C63BC68328A7DDBE00EDFCA4 /* StaticJSONMapper.swift in Sources */,
				C67632FB28B658A900BBA661 /* DetailView.swift in Sources */,
				C6D5F12F28BCEC1500AC15BD /* CreateValidator.swift in Sources */,
				C6C656B828922A0C006B446C /* Symbols.swift in Sources */,
				C676330428B6EDAB00BBA661 /* DetailViewModel.swift in Sources */,
				C6ABF17628B3AE0400A59358 /* PeopleView.swift in Sources */,
				C69F18E728B7AD3C00CC1A19 /* NewPerson.swift in Sources */,
				C6BC203628B7FD2900CC3F18 /* CreateViewModel.swift in Sources */,
				C6C656BA28922CA6006B446C /* Theme.swift in Sources */,
				C6C656AB2892295C006B446C /* ContentView.swift in Sources */,
				C63BC67B28A7DB2D00EDFCA4 /* UserDetailResponse.swift in Sources */,
				C692ACAD28B5076E00929F21 /* PillView.swift in Sources */,
				C659B84528BE4671005A2552 /* UserDefaultKeys.swift in Sources */,
				C67632FD28B69AB700BBA661 /* CreateView.swift in Sources */,
				C6C656A92892295C006B446C /* iOSTechichalTestProjectApp.swift in Sources */,
				C676330028B6B2F000BBA661 /* NetworkManager.swift in Sources */,
				C63BC67D28A7DBF800EDFCA4 /* UserResponse.swift in Sources */,
				C659B83E28BE4088005A2552 /* HapticManager.swift in Sources */,
				C613414F28C923DE00EE673A /* EndPoint.swift in Sources */,
				C692ACAA28B505E700929F21 /* PersonItemView.swift in Sources */,
				C676330228B6E61000BBA661 /* PeopleViewModel.swift in Sources */,
				C6382FD728B9079A00A5EAA3 /* CheckmarkPopoverView.swift in Sources */,
				C63BC68028A7DD4E00EDFCA4 /* Models.swift in Sources */,
				C659B84128BE4362005A2552 /* SettingsView.swift in Sources */,
			);
			runOnlyForDeploymentPostprocessing = 0;
		};
/* End PBXSourcesBuildPhase section */

/* Begin XCBuildConfiguration section */
		C6C656B12892295F006B446C /* Debug */ = {
			isa = XCBuildConfiguration;
			buildSettings = {
				ALWAYS_SEARCH_USER_PATHS = NO;
				CLANG_ANALYZER_NONNULL = YES;
				CLANG_ANALYZER_NUMBER_OBJECT_CONVERSION = YES_AGGRESSIVE;
				CLANG_CXX_LANGUAGE_STANDARD = "gnu++17";
				CLANG_ENABLE_MODULES = YES;
				CLANG_ENABLE_OBJC_ARC = YES;
				CLANG_ENABLE_OBJC_WEAK = YES;
				CLANG_WARN_BLOCK_CAPTURE_AUTORELEASING = YES;
				CLANG_WARN_BOOL_CONVERSION = YES;
				CLANG_WARN_COMMA = YES;
				CLANG_WARN_CONSTANT_CONVERSION = YES;
				CLANG_WARN_DEPRECATED_OBJC_IMPLEMENTATIONS = YES;
				CLANG_WARN_DIRECT_OBJC_ISA_USAGE = YES_ERROR;
				CLANG_WARN_DOCUMENTATION_COMMENTS = YES;
				CLANG_WARN_EMPTY_BODY = YES;
				CLANG_WARN_ENUM_CONVERSION = YES;
				CLANG_WARN_INFINITE_RECURSION = YES;
				CLANG_WARN_INT_CONVERSION = YES;
				CLANG_WARN_NON_LITERAL_NULL_CONVERSION = YES;
				CLANG_WARN_OBJC_IMPLICIT_RETAIN_SELF = YES;
				CLANG_WARN_OBJC_LITERAL_CONVERSION = YES;
				CLANG_WARN_OBJC_ROOT_CLASS = YES_ERROR;
				CLANG_WARN_QUOTED_INCLUDE_IN_FRAMEWORK_HEADER = YES;
				CLANG_WARN_RANGE_LOOP_ANALYSIS = YES;
				CLANG_WARN_STRICT_PROTOTYPES = YES;
				CLANG_WARN_SUSPICIOUS_MOVE = YES;
				CLANG_WARN_UNGUARDED_AVAILABILITY = YES_AGGRESSIVE;
				CLANG_WARN_UNREACHABLE_CODE = YES;
				CLANG_WARN__DUPLICATE_METHOD_MATCH = YES;
				COPY_PHASE_STRIP = NO;
				DEBUG_INFORMATION_FORMAT = dwarf;
				ENABLE_STRICT_OBJC_MSGSEND = YES;
				ENABLE_TESTABILITY = YES;
				GCC_C_LANGUAGE_STANDARD = gnu11;
				GCC_DYNAMIC_NO_PIC = NO;
				GCC_NO_COMMON_BLOCKS = YES;
				GCC_OPTIMIZATION_LEVEL = 0;
				GCC_PREPROCESSOR_DEFINITIONS = (
					"DEBUG=1",
					"$(inherited)",
				);
				GCC_WARN_64_TO_32_BIT_CONVERSION = YES;
				GCC_WARN_ABOUT_RETURN_TYPE = YES_ERROR;
				GCC_WARN_UNDECLARED_SELECTOR = YES;
				GCC_WARN_UNINITIALIZED_AUTOS = YES_AGGRESSIVE;
				GCC_WARN_UNUSED_FUNCTION = YES;
				GCC_WARN_UNUSED_VARIABLE = YES;
				IPHONEOS_DEPLOYMENT_TARGET = 15.5;
				MTL_ENABLE_DEBUG_INFO = INCLUDE_SOURCE;
				MTL_FAST_MATH = YES;
				ONLY_ACTIVE_ARCH = YES;
				SDKROOT = iphoneos;
				SWIFT_ACTIVE_COMPILATION_CONDITIONS = DEBUG;
				SWIFT_OPTIMIZATION_LEVEL = "-Onone";
			};
			name = Debug;
		};
		C6C656B22892295F006B446C /* Release */ = {
			isa = XCBuildConfiguration;
			buildSettings = {
				ALWAYS_SEARCH_USER_PATHS = NO;
				CLANG_ANALYZER_NONNULL = YES;
				CLANG_ANALYZER_NUMBER_OBJECT_CONVERSION = YES_AGGRESSIVE;
				CLANG_CXX_LANGUAGE_STANDARD = "gnu++17";
				CLANG_ENABLE_MODULES = YES;
				CLANG_ENABLE_OBJC_ARC = YES;
				CLANG_ENABLE_OBJC_WEAK = YES;
				CLANG_WARN_BLOCK_CAPTURE_AUTORELEASING = YES;
				CLANG_WARN_BOOL_CONVERSION = YES;
				CLANG_WARN_COMMA = YES;
				CLANG_WARN_CONSTANT_CONVERSION = YES;
				CLANG_WARN_DEPRECATED_OBJC_IMPLEMENTATIONS = YES;
				CLANG_WARN_DIRECT_OBJC_ISA_USAGE = YES_ERROR;
				CLANG_WARN_DOCUMENTATION_COMMENTS = YES;
				CLANG_WARN_EMPTY_BODY = YES;
				CLANG_WARN_ENUM_CONVERSION = YES;
				CLANG_WARN_INFINITE_RECURSION = YES;
				CLANG_WARN_INT_CONVERSION = YES;
				CLANG_WARN_NON_LITERAL_NULL_CONVERSION = YES;
				CLANG_WARN_OBJC_IMPLICIT_RETAIN_SELF = YES;
				CLANG_WARN_OBJC_LITERAL_CONVERSION = YES;
				CLANG_WARN_OBJC_ROOT_CLASS = YES_ERROR;
				CLANG_WARN_QUOTED_INCLUDE_IN_FRAMEWORK_HEADER = YES;
				CLANG_WARN_RANGE_LOOP_ANALYSIS = YES;
				CLANG_WARN_STRICT_PROTOTYPES = YES;
				CLANG_WARN_SUSPICIOUS_MOVE = YES;
				CLANG_WARN_UNGUARDED_AVAILABILITY = YES_AGGRESSIVE;
				CLANG_WARN_UNREACHABLE_CODE = YES;
				CLANG_WARN__DUPLICATE_METHOD_MATCH = YES;
				COPY_PHASE_STRIP = NO;
				DEBUG_INFORMATION_FORMAT = "dwarf-with-dsym";
				ENABLE_NS_ASSERTIONS = NO;
				ENABLE_STRICT_OBJC_MSGSEND = YES;
				GCC_C_LANGUAGE_STANDARD = gnu11;
				GCC_NO_COMMON_BLOCKS = YES;
				GCC_WARN_64_TO_32_BIT_CONVERSION = YES;
				GCC_WARN_ABOUT_RETURN_TYPE = YES_ERROR;
				GCC_WARN_UNDECLARED_SELECTOR = YES;
				GCC_WARN_UNINITIALIZED_AUTOS = YES_AGGRESSIVE;
				GCC_WARN_UNUSED_FUNCTION = YES;
				GCC_WARN_UNUSED_VARIABLE = YES;
				IPHONEOS_DEPLOYMENT_TARGET = 15.5;
				MTL_ENABLE_DEBUG_INFO = NO;
				MTL_FAST_MATH = YES;
				SDKROOT = iphoneos;
				SWIFT_COMPILATION_MODE = wholemodule;
				SWIFT_OPTIMIZATION_LEVEL = "-O";
				VALIDATE_PRODUCT = YES;
			};
			name = Release;
		};
		C6C656B42892295F006B446C /* Debug */ = {
			isa = XCBuildConfiguration;
			buildSettings = {
				ASSETCATALOG_COMPILER_APPICON_NAME = AppIcon;
				ASSETCATALOG_COMPILER_GLOBAL_ACCENT_COLOR_NAME = AccentColor;
				CODE_SIGN_STYLE = Automatic;
				CURRENT_PROJECT_VERSION = 1;
				DEVELOPMENT_ASSET_PATHS = "\"iOSTechichalTestProject/Preview Content\"";
				DEVELOPMENT_TEAM = T2Q4YR3P44;
				ENABLE_PREVIEWS = YES;
				GENERATE_INFOPLIST_FILE = YES;
				INFOPLIST_FILE = iOSTechichalTestProject/Info.plist;
				INFOPLIST_KEY_CFBundleDisplayName = "";
				INFOPLIST_KEY_LSApplicationCategoryType = "";
				INFOPLIST_KEY_UIApplicationSceneManifest_Generation = YES;
				INFOPLIST_KEY_UIApplicationSupportsIndirectInputEvents = YES;
				INFOPLIST_KEY_UISupportedInterfaceOrientations_iPad = "UIInterfaceOrientationPortrait UIInterfaceOrientationPortraitUpsideDown UIInterfaceOrientationLandscapeLeft UIInterfaceOrientationLandscapeRight";
				INFOPLIST_KEY_UISupportedInterfaceOrientations_iPhone = "UIInterfaceOrientationPortrait UIInterfaceOrientationLandscapeLeft UIInterfaceOrientationLandscapeRight";
				IPHONEOS_DEPLOYMENT_TARGET = 15.5;
				LD_RUNPATH_SEARCH_PATHS = (
					"$(inherited)",
					"@executable_path/Frameworks",
				);
				MARKETING_VERSION = 1.0;
				PRODUCT_BUNDLE_IDENTIFIER = mx.datafox.iOSTechichalTestProject;
				PRODUCT_NAME = "$(TARGET_NAME)";
				SWIFT_EMIT_LOC_STRINGS = YES;
				SWIFT_VERSION = 5.0;
				TARGETED_DEVICE_FAMILY = "1,2";
			};
			name = Debug;
		};
		C6C656B52892295F006B446C /* Release */ = {
			isa = XCBuildConfiguration;
			buildSettings = {
				ASSETCATALOG_COMPILER_APPICON_NAME = AppIcon;
				ASSETCATALOG_COMPILER_GLOBAL_ACCENT_COLOR_NAME = AccentColor;
				CODE_SIGN_STYLE = Automatic;
				CURRENT_PROJECT_VERSION = 1;
				DEVELOPMENT_ASSET_PATHS = "\"iOSTechichalTestProject/Preview Content\"";
				DEVELOPMENT_TEAM = T2Q4YR3P44;
				ENABLE_PREVIEWS = YES;
				GENERATE_INFOPLIST_FILE = YES;
				INFOPLIST_FILE = iOSTechichalTestProject/Info.plist;
				INFOPLIST_KEY_CFBundleDisplayName = "";
				INFOPLIST_KEY_LSApplicationCategoryType = "";
				INFOPLIST_KEY_UIApplicationSceneManifest_Generation = YES;
				INFOPLIST_KEY_UIApplicationSupportsIndirectInputEvents = YES;
				INFOPLIST_KEY_UISupportedInterfaceOrientations_iPad = "UIInterfaceOrientationPortrait UIInterfaceOrientationPortraitUpsideDown UIInterfaceOrientationLandscapeLeft UIInterfaceOrientationLandscapeRight";
				INFOPLIST_KEY_UISupportedInterfaceOrientations_iPhone = "UIInterfaceOrientationPortrait UIInterfaceOrientationLandscapeLeft UIInterfaceOrientationLandscapeRight";
				IPHONEOS_DEPLOYMENT_TARGET = 15.5;
				LD_RUNPATH_SEARCH_PATHS = (
					"$(inherited)",
					"@executable_path/Frameworks",
				);
				MARKETING_VERSION = 1.0;
				PRODUCT_BUNDLE_IDENTIFIER = mx.datafox.iOSTechichalTestProject;
				PRODUCT_NAME = "$(TARGET_NAME)";
				SWIFT_EMIT_LOC_STRINGS = YES;
				SWIFT_VERSION = 5.0;
				TARGETED_DEVICE_FAMILY = "1,2";
			};
			name = Release;
		};
/* End XCBuildConfiguration section */

/* Begin XCConfigurationList section */
		C6C656A02892295C006B446C /* Build configuration list for PBXProject "iOSTechichalTestProject" */ = {
			isa = XCConfigurationList;
			buildConfigurations = (
				C6C656B12892295F006B446C /* Debug */,
				C6C656B22892295F006B446C /* Release */,
			);
			defaultConfigurationIsVisible = 0;
			defaultConfigurationName = Release;
		};
		C6C656B32892295F006B446C /* Build configuration list for PBXNativeTarget "iOSTechichalTestProject" */ = {
			isa = XCConfigurationList;
			buildConfigurations = (
				C6C656B42892295F006B446C /* Debug */,
				C6C656B52892295F006B446C /* Release */,
			);
			defaultConfigurationIsVisible = 0;
			defaultConfigurationName = Release;
		};
/* End XCConfigurationList section */
	};
	rootObject = C6C6569D2892295C006B446C /* Project object */;
}
